# THIS IS AN AUTOGENERATED FILE. DO NOT EDIT THIS FILE DIRECTLY.
# yarn lockfile v1


malta-header-comment@^1.0.12:
  version "1.0.12"
  resolved "https://registry.yarnpkg.com/malta-header-comment/-/malta-header-comment-1.0.12.tgz#6c64a6d46ddb35d6961257e6ca0ca50e404fd957"
  integrity sha512-w4Qqcl67LCP7fyZ0u26KpS6iqi+T5cpykX/DgeFQzG6e2byZv776T2ynpuBykhCqxvaFFj2kejMfycSP9kdBpQ==

malta-millijs@^1.0.5:
  version "1.0.5"
  resolved "https://registry.yarnpkg.com/malta-millijs/-/malta-millijs-1.0.5.tgz#ce98ca3034bd70577adee1d01e07f92ec6c16252"
  integrity sha512-hVj28USat0scHxUosf4fJCrAPB1Wi79ogOyaWpEyDmGIabJwr5W0kM0CAoOXqhB2C9XYyWfYv23wx0fkWmIhhA==

malta@^4.1.35:
  version "4.1.35"
  resolved "https://registry.yarnpkg.com/malta/-/malta-4.1.35.tgz#907cf08ca8970f45dd6410605dd828e1d8a8baa9"
  integrity sha512-RlzKWVeNyEIp0T4gsI58MmxaDz4y5DHxJOKKjUjBQRstL65+OJUiLT2JR32y7ObzC7fnWRS/TrkCAqgjnhaiSg==
